
Microsoft Visual Studio Solution File, Format Version 12.00
# Visual Studio Version 16
VisualStudioVersion = 16.0.31112.23
MinimumVisualStudioVersion = 10.0.40219.1
Project("{FAE04EC0-301F-11D3-BF4B-00C04F79EFBC}") = "Day6_HW", "Day6_HW\Day6_HW.csproj", "{42DB33FD-622D-4C18-BD58-9198F258AFC2}"
EndProject
Global
	GlobalSection(SolutionConfigurationPlatforms) = preSolution
		Debug|Any CPU = Debug|Any CPU
		Release|Any CPU = Release|Any CPU
	EndGlobalSection
	GlobalSection(ProjectConfigurationPlatforms) = postSolution
		{42DB33FD-622D-4C18-BD58-9198F258AFC2}.Debug|Any CPU.ActiveCfg = Debug|Any CPU
		{42DB33FD-622D-4C18-BD58-9198F258AFC2}.Debug|Any CPU.Build.0 = Debug|Any CPU
		{42DB33FD-622D-4C18-BD58-9198F258AFC2}.Release|Any CPU.ActiveCfg = Release|Any CPU
		{42DB33FD-622D-4C18-BD58-9198F258AFC2}.Release|Any CPU.Build.0 = Release|Any CPU
	EndGlobalSection
	GlobalSection(SolutionProperties) = preSolution
		HideSolutionNode = FALSE
	EndGlobalSection
	GlobalSection(ExtensibilityGlobals) = postSolution
		SolutionGuid = {AD906E1F-3275-4814-ADAD-560E95BFF6C5}
	EndGlobalSection
EndGlobal
